
Microsoft Visual Studio Solution File, Format Version 12.00
# Visual Studio Version 16
VisualStudioVersion = 16.0.31424.327
MinimumVisualStudioVersion = 10.0.40219.1
Project("{FAE04EC0-301F-11D3-BF4B-00C04F79EFBC}") = "JInsung_user", "JInsung_user.csproj", "{4119F31C-03F5-466E-B7B7-774216A3918A}"
EndProject
Global
	GlobalSection(SolutionConfigurationPlatforms) = preSolution
		Debug|Any CPU = Debug|Any CPU
		Release|Any CPU = Release|Any CPU
	EndGlobalSection
	GlobalSection(ProjectConfigurationPlatforms) = postSolution
		{4119F31C-03F5-466E-B7B7-774216A3918A}.Debug|Any CPU.ActiveCfg = Debug|Any CPU
		{4119F31C-03F5-466E-B7B7-774216A3918A}.Debug|Any CPU.Build.0 = Debug|Any CPU
		{4119F31C-03F5-466E-B7B7-774216A3918A}.Release|Any CPU.ActiveCfg = Release|Any CPU
		{4119F31C-03F5-466E-B7B7-774216A3918A}.Release|Any CPU.Build.0 = Release|Any CPU
	EndGlobalSection
	GlobalSection(SolutionProperties) = preSolution
		HideSolutionNode = FALSE
	EndGlobalSection
	GlobalSection(ExtensibilityGlobals) = postSolution
		SolutionGuid = {FD66B75C-C93B-4CE4-8215-5F7BF77355F3}
	EndGlobalSection
EndGlobal
