
Microsoft Visual Studio Solution File, Format Version 12.00
# Visual Studio Version 16
VisualStudioVersion = 16.0.31129.286
MinimumVisualStudioVersion = 10.0.40219.1
Project("{FAE04EC0-301F-11D3-BF4B-00C04F79EFBC}") = "Jinsung_User", "Jinsung_User.csproj", "{FFF356F6-42E2-46A6-99F7-A81447BFD03F}"
EndProject
Global
	GlobalSection(SolutionConfigurationPlatforms) = preSolution
		Debug|Any CPU = Debug|Any CPU
		Release|Any CPU = Release|Any CPU
	EndGlobalSection
	GlobalSection(ProjectConfigurationPlatforms) = postSolution
		{FFF356F6-42E2-46A6-99F7-A81447BFD03F}.Debug|Any CPU.ActiveCfg = Debug|Any CPU
		{FFF356F6-42E2-46A6-99F7-A81447BFD03F}.Debug|Any CPU.Build.0 = Debug|Any CPU
		{FFF356F6-42E2-46A6-99F7-A81447BFD03F}.Release|Any CPU.ActiveCfg = Release|Any CPU
		{FFF356F6-42E2-46A6-99F7-A81447BFD03F}.Release|Any CPU.Build.0 = Release|Any CPU
	EndGlobalSection
	GlobalSection(SolutionProperties) = preSolution
		HideSolutionNode = FALSE
	EndGlobalSection
	GlobalSection(ExtensibilityGlobals) = postSolution
		SolutionGuid = {B6E0D03B-8AA9-49FB-8759-871CAE5CCA61}
	EndGlobalSection
EndGlobal
